
Microsoft Visual Studio Solution File, Format Version 12.00
# Visual Studio Version 17
VisualStudioVersion = 17.6.33829.357
MinimumVisualStudioVersion = 10.0.40219.1
Project("{8BC9CEB8-8B4A-11D0-8D11-00A0C91BC942}") = "textBook", "textBook\textBook.vcxproj", "{B12DF651-FD8B-4FDD-8CBB-5418F8E427C6}"
EndProject
Global
	GlobalSection(SolutionConfigurationPlatforms) = preSolution
		Debug|x64 = Debug|x64
		Debug|x86 = Debug|x86
		Release|x64 = Release|x64
		Release|x86 = Release|x86
	EndGlobalSection
	GlobalSection(ProjectConfigurationPlatforms) = postSolution
		{B12DF651-FD8B-4FDD-8CBB-5418F8E427C6}.Debug|x64.ActiveCfg = Debug|x64
		{B12DF651-FD8B-4FDD-8CBB-5418F8E427C6}.Debug|x64.Build.0 = Debug|x64
		{B12DF651-FD8B-4FDD-8CBB-5418F8E427C6}.Debug|x86.ActiveCfg = Debug|Win32
		{B12DF651-FD8B-4FDD-8CBB-5418F8E427C6}.Debug|x86.Build.0 = Debug|Win32
		{B12DF651-FD8B-4FDD-8CBB-5418F8E427C6}.Release|x64.ActiveCfg = Release|x64
		{B12DF651-FD8B-4FDD-8CBB-5418F8E427C6}.Release|x64.Build.0 = Release|x64
		{B12DF651-FD8B-4FDD-8CBB-5418F8E427C6}.Release|x86.ActiveCfg = Release|Win32
		{B12DF651-FD8B-4FDD-8CBB-5418F8E427C6}.Release|x86.Build.0 = Release|Win32
	EndGlobalSection
	GlobalSection(SolutionProperties) = preSolution
		HideSolutionNode = FALSE
	EndGlobalSection
	GlobalSection(ExtensibilityGlobals) = postSolution
		SolutionGuid = {A0D539A4-23A4-4673-ADD7-DAAAECAAABBE}
	EndGlobalSection
EndGlobal
